
Microsoft Visual Studio Solution File, Format Version 11.00
# Visual C# Express 2010
Project("{FAE04EC0-301F-11D3-BF4B-00C04F79EFBC}") = "ADB-Sideload-DD", "ADB-Sideload-DD\ADB-Sideload-DD.csproj", "{DCB20A67-8992-4376-9A79-F2496EA695AB}"
EndProject
Global
	GlobalSection(SolutionConfigurationPlatforms) = preSolution
		Debug|x86 = Debug|x86
		Release|x86 = Release|x86
	EndGlobalSection
	GlobalSection(ProjectConfigurationPlatforms) = postSolution
		{DCB20A67-8992-4376-9A79-F2496EA695AB}.Debug|x86.ActiveCfg = Debug|x86
		{DCB20A67-8992-4376-9A79-F2496EA695AB}.Debug|x86.Build.0 = Debug|x86
		{DCB20A67-8992-4376-9A79-F2496EA695AB}.Release|x86.ActiveCfg = Release|x86
		{DCB20A67-8992-4376-9A79-F2496EA695AB}.Release|x86.Build.0 = Release|x86
	EndGlobalSection
	GlobalSection(SolutionProperties) = preSolution
		HideSolutionNode = FALSE
	EndGlobalSection
EndGlobal
